github.com/google/brotli/go/cbrotli v1.1.0 h1:YwHD/rwSgUSL4b2S3ZM2jnNymm+tmwKQqjUIC63nmHU=
github.com/google/brotli/go/cbrotli v1.1.0/go.mod h1:nOPhAkwVliJdNTkj3gXpljmWhjc4wCaVqbMJcPKWP4s=
vimagination.zapto.org/httpencoding v1.1.1 h1:QKE0Cz6yq50DtoWnPunBCKEUvh2loyT5q8+hA9nlzDk=
vimagination.zapto.org/httpencoding v1.1.1/go.mod h1:jnEwxHVkbtkSBKt42IeT4FoNhRjDUqI1uBYjL9pmY3o=
vimagination.zapto.org/httpwrap v1.0.1 h1:Gmvl/z456oRxLZzrWPIo3QRvhsZ5weeSg0TKaa/N0Ek=
vimagination.zapto.org/httpwrap v1.0.1/go.mod h1:5igD7pWwU/z1PKM9a96lgxdPe31GsncUVz4KdjTdF+U=
