github.com/klauspost/compress v1.19.1 h1:VsB4HPswih7mmZ8WleSFQ75c/Ui1M4trX5oAsJnhSlk=
github.com/klauspost/compress v1.19.1/go.mod h1:cwPg85FWrGar70rWktvGQj8/hthj3wpl0PGDogxkrSQ=
github.com/molecule-man/go-brrr v1.0.1 h1:cEjgx8hgNw6UGdhQ94SPDbPkKuRbkUcxBO3IzbGpA/o=
github.com/molecule-man/go-brrr v1.0.1/go.mod h1:7ybW6/7gA3oKY45jOfVNjSJDtrr6ea4tzbsTkjmQDC4=
golang.org/x/tools v0.30.0 h1:BgcpHewrV5AUp2G9MebG4XPFI1E2W41zU1SaqVA9vJY=
golang.org/x/tools v0.30.0/go.mod h1:c347cR/OJfw5TI+GfX7RUPNMdDRRbjvYTS0jPyvsVtY=
vimagination.zapto.org/httpencoding v1.3.0 h1:BslfiPIiRZCmXVWVPET7qj8zBxQoR+FCJ2ZSzkfXuZY=
vimagination.zapto.org/httpencoding v1.3.0/go.mod h1:fq9lz+BUGP+dYUSzWTMcXPMnLNWH9x9c4N5x6haH5e8=
vimagination.zapto.org/httpwrap v1.0.1 h1:Gmvl/z456oRxLZzrWPIo3QRvhsZ5weeSg0TKaa/N0Ek=
vimagination.zapto.org/httpwrap v1.0.1/go.mod h1:5igD7pWwU/z1PKM9a96lgxdPe31GsncUVz4KdjTdF+U=
vimagination.zapto.org/parser v1.2.2 h1:LdihVnnzb7m2e0caKm2Zsj+8IJiUKW2ZCK7b/+XmpSo=
vimagination.zapto.org/parser v1.2.2/go.mod h1:MxM1MZY6A9AeEx6nahIQ6MJaGZqX80n6Vm3zGVqV9FU=
